
Microsoft Visual Studio Solution File, Format Version 12.00
# Visual Studio 15
VisualStudioVersion = 15.0.27703.2026
MinimumVisualStudioVersion = 10.0.40219.1
Project("{FAE04EC0-301F-11D3-BF4B-00C04F79EFBC}") = "FizzBuzzTree", "FizzBuzzTree\FizzBuzzTree.csproj", "{E4D13306-0EF6-4084-9836-18AFB9A1CD08}"
EndProject
Project("{FAE04EC0-301F-11D3-BF4B-00C04F79EFBC}") = "XUnitTestProject1", "XUnitTestProject1\XUnitTestProject1.csproj", "{C72F8811-14C2-4447-8B4D-044CB51186C6}"
EndProject
Global
	GlobalSection(SolutionConfigurationPlatforms) = preSolution
		Debug|Any CPU = Debug|Any CPU
		Release|Any CPU = Release|Any CPU
	EndGlobalSection
	GlobalSection(ProjectConfigurationPlatforms) = postSolution
		{E4D13306-0EF6-4084-9836-18AFB9A1CD08}.Debug|Any CPU.ActiveCfg = Debug|Any CPU
		{E4D13306-0EF6-4084-9836-18AFB9A1CD08}.Debug|Any CPU.Build.0 = Debug|Any CPU
		{E4D13306-0EF6-4084-9836-18AFB9A1CD08}.Release|Any CPU.ActiveCfg = Release|Any CPU
		{E4D13306-0EF6-4084-9836-18AFB9A1CD08}.Release|Any CPU.Build.0 = Release|Any CPU
		{C72F8811-14C2-4447-8B4D-044CB51186C6}.Debug|Any CPU.ActiveCfg = Debug|Any CPU
		{C72F8811-14C2-4447-8B4D-044CB51186C6}.Debug|Any CPU.Build.0 = Debug|Any CPU
		{C72F8811-14C2-4447-8B4D-044CB51186C6}.Release|Any CPU.ActiveCfg = Release|Any CPU
		{C72F8811-14C2-4447-8B4D-044CB51186C6}.Release|Any CPU.Build.0 = Release|Any CPU
	EndGlobalSection
	GlobalSection(SolutionProperties) = preSolution
		HideSolutionNode = FALSE
	EndGlobalSection
	GlobalSection(ExtensibilityGlobals) = postSolution
		SolutionGuid = {B6D629FC-CCC8-4113-90E5-5FE792A48170}
	EndGlobalSection
EndGlobal
