
Microsoft Visual Studio Solution File, Format Version 12.00
# Visual Studio 15
VisualStudioVersion = 15.0.27703.2026
MinimumVisualStudioVersion = 10.0.40219.1
Project("{FAE04EC0-301F-11D3-BF4B-00C04F79EFBC}") = "ll_kth_from_end", "ll_kth_from_end\ll_kth_from_end.csproj", "{5C439F5D-A919-4B43-9680-710766F56BBD}"
EndProject
Project("{FAE04EC0-301F-11D3-BF4B-00C04F79EFBC}") = "XUnitTestProject1", "XUnitTestProject1\XUnitTestProject1.csproj", "{60AC96F5-55B1-4BE9-A454-7128CE9DB8A5}"
EndProject
Global
	GlobalSection(SolutionConfigurationPlatforms) = preSolution
		Debug|Any CPU = Debug|Any CPU
		Release|Any CPU = Release|Any CPU
	EndGlobalSection
	GlobalSection(ProjectConfigurationPlatforms) = postSolution
		{5C439F5D-A919-4B43-9680-710766F56BBD}.Debug|Any CPU.ActiveCfg = Debug|Any CPU
		{5C439F5D-A919-4B43-9680-710766F56BBD}.Debug|Any CPU.Build.0 = Debug|Any CPU
		{5C439F5D-A919-4B43-9680-710766F56BBD}.Release|Any CPU.ActiveCfg = Release|Any CPU
		{5C439F5D-A919-4B43-9680-710766F56BBD}.Release|Any CPU.Build.0 = Release|Any CPU
		{60AC96F5-55B1-4BE9-A454-7128CE9DB8A5}.Debug|Any CPU.ActiveCfg = Debug|Any CPU
		{60AC96F5-55B1-4BE9-A454-7128CE9DB8A5}.Debug|Any CPU.Build.0 = Debug|Any CPU
		{60AC96F5-55B1-4BE9-A454-7128CE9DB8A5}.Release|Any CPU.ActiveCfg = Release|Any CPU
		{60AC96F5-55B1-4BE9-A454-7128CE9DB8A5}.Release|Any CPU.Build.0 = Release|Any CPU
	EndGlobalSection
	GlobalSection(SolutionProperties) = preSolution
		HideSolutionNode = FALSE
	EndGlobalSection
	GlobalSection(ExtensibilityGlobals) = postSolution
		SolutionGuid = {3D579813-B404-4E3E-AFD0-7630CAC680FA}
	EndGlobalSection
EndGlobal
