
Microsoft Visual Studio Solution File, Format Version 12.00
# Visual Studio 15
VisualStudioVersion = 15.0.27703.2026
MinimumVisualStudioVersion = 10.0.40219.1
Project("{FAE04EC0-301F-11D3-BF4B-00C04F79EFBC}") = "MergeSort", "MergeSort\MergeSort.csproj", "{3559F62C-46F5-410B-84EE-B8F49C08E923}"
EndProject
Project("{FAE04EC0-301F-11D3-BF4B-00C04F79EFBC}") = "XUnitTestProject1", "XUnitTestProject1\XUnitTestProject1.csproj", "{047473E2-C928-4C0A-8D24-D82EBB16CFDC}"
EndProject
Global
	GlobalSection(SolutionConfigurationPlatforms) = preSolution
		Debug|Any CPU = Debug|Any CPU
		Release|Any CPU = Release|Any CPU
	EndGlobalSection
	GlobalSection(ProjectConfigurationPlatforms) = postSolution
		{3559F62C-46F5-410B-84EE-B8F49C08E923}.Debug|Any CPU.ActiveCfg = Debug|Any CPU
		{3559F62C-46F5-410B-84EE-B8F49C08E923}.Debug|Any CPU.Build.0 = Debug|Any CPU
		{3559F62C-46F5-410B-84EE-B8F49C08E923}.Release|Any CPU.ActiveCfg = Release|Any CPU
		{3559F62C-46F5-410B-84EE-B8F49C08E923}.Release|Any CPU.Build.0 = Release|Any CPU
		{047473E2-C928-4C0A-8D24-D82EBB16CFDC}.Debug|Any CPU.ActiveCfg = Debug|Any CPU
		{047473E2-C928-4C0A-8D24-D82EBB16CFDC}.Debug|Any CPU.Build.0 = Debug|Any CPU
		{047473E2-C928-4C0A-8D24-D82EBB16CFDC}.Release|Any CPU.ActiveCfg = Release|Any CPU
		{047473E2-C928-4C0A-8D24-D82EBB16CFDC}.Release|Any CPU.Build.0 = Release|Any CPU
	EndGlobalSection
	GlobalSection(SolutionProperties) = preSolution
		HideSolutionNode = FALSE
	EndGlobalSection
	GlobalSection(ExtensibilityGlobals) = postSolution
		SolutionGuid = {159DBE2D-07DF-408B-A18C-33574FEF81D9}
	EndGlobalSection
EndGlobal
