
Microsoft Visual Studio Solution File, Format Version 12.00
# Visual Studio 15
VisualStudioVersion = 15.0.27703.2026
MinimumVisualStudioVersion = 10.0.40219.1
Project("{9A19103F-16F7-4668-BE54-9A1E7A4F7556}") = "FindMaxValue", "FindMaxValue\FindMaxValue.csproj", "{8380BB77-5875-4C33-B637-9E6EC253E04F}"
EndProject
Project("{FAE04EC0-301F-11D3-BF4B-00C04F79EFBC}") = "XUnitTestProject1", "XUnitTestProject1\XUnitTestProject1.csproj", "{97B89BA3-ABE5-475C-9F4B-03C4DE625B93}"
EndProject
Global
	GlobalSection(SolutionConfigurationPlatforms) = preSolution
		Debug|Any CPU = Debug|Any CPU
		Release|Any CPU = Release|Any CPU
	EndGlobalSection
	GlobalSection(ProjectConfigurationPlatforms) = postSolution
		{8380BB77-5875-4C33-B637-9E6EC253E04F}.Debug|Any CPU.ActiveCfg = Debug|Any CPU
		{8380BB77-5875-4C33-B637-9E6EC253E04F}.Debug|Any CPU.Build.0 = Debug|Any CPU
		{8380BB77-5875-4C33-B637-9E6EC253E04F}.Release|Any CPU.ActiveCfg = Release|Any CPU
		{8380BB77-5875-4C33-B637-9E6EC253E04F}.Release|Any CPU.Build.0 = Release|Any CPU
		{97B89BA3-ABE5-475C-9F4B-03C4DE625B93}.Debug|Any CPU.ActiveCfg = Debug|Any CPU
		{97B89BA3-ABE5-475C-9F4B-03C4DE625B93}.Debug|Any CPU.Build.0 = Debug|Any CPU
		{97B89BA3-ABE5-475C-9F4B-03C4DE625B93}.Release|Any CPU.ActiveCfg = Release|Any CPU
		{97B89BA3-ABE5-475C-9F4B-03C4DE625B93}.Release|Any CPU.Build.0 = Release|Any CPU
	EndGlobalSection
	GlobalSection(SolutionProperties) = preSolution
		HideSolutionNode = FALSE
	EndGlobalSection
	GlobalSection(ExtensibilityGlobals) = postSolution
		SolutionGuid = {D125DA17-5DCF-40CC-9520-3294C77F8BD4}
	EndGlobalSection
EndGlobal
